// !$*UTF8*$!
{
	archiveVersion = 1;
	classes = {
	};
	objectVersion = 50;
	objects = {

/* Begin PBXBuildFile section */
		1A6459692309B33400E28181 /* CustomCollectionViewFlowLayout.swift in Sources */ = {isa = PBXBuildFile; fileRef = 1A6459682309B33400E28181 /* CustomCollectionViewFlowLayout.swift */; };
		1AA3293C215D8E6F002DBA3F /* AppDelegate.swift in Sources */ = {isa = PBXBuildFile; fileRef = 1AA3293B215D8E6F002DBA3F /* AppDelegate.swift */; };
		1AA32943215D8E71002DBA3F /* Assets.xcassets in Resources */ = {isa = PBXBuildFile; fileRef = 1AA32942215D8E71002DBA3F /* Assets.xcassets */; };
		1AA32946215D8E71002DBA3F /* LaunchScreen.storyboard in Resources */ = {isa = PBXBuildFile; fileRef = 1AA32944215D8E71002DBA3F /* LaunchScreen.storyboard */; };
		1AA32951215D8E71002DBA3F /* SearchTests.swift in Sources */ = {isa = PBXBuildFile; fileRef = 1AA32950215D8E71002DBA3F /* SearchTests.swift */; };
		1AA3295C215D8E71002DBA3F /* SearchUITests.swift in Sources */ = {isa = PBXBuildFile; fileRef = 1AA3295B215D8E71002DBA3F /* SearchUITests.swift */; };
		1AA32970215D9444002DBA3F /* Extension.swift in Sources */ = {isa = PBXBuildFile; fileRef = 1AA3296E215D9443002DBA3F /* Extension.swift */; };
		1AA32971215D9444002DBA3F /* Extension.swift in Sources */ = {isa = PBXBuildFile; fileRef = 1AA3296E215D9443002DBA3F /* Extension.swift */; };
		1AA32972215D9444002DBA3F /* Extension.swift in Sources */ = {isa = PBXBuildFile; fileRef = 1AA3296E215D9443002DBA3F /* Extension.swift */; };
		1AA32973215D9444002DBA3F /* Constants.swift in Sources */ = {isa = PBXBuildFile; fileRef = 1AA3296F215D9444002DBA3F /* Constants.swift */; };
		1AA32974215D9444002DBA3F /* Constants.swift in Sources */ = {isa = PBXBuildFile; fileRef = 1AA3296F215D9444002DBA3F /* Constants.swift */; };
		1AA32975215D9444002DBA3F /* Constants.swift in Sources */ = {isa = PBXBuildFile; fileRef = 1AA3296F215D9444002DBA3F /* Constants.swift */; };
		1AA32978215D9467002DBA3F /* CoreApi.swift in Sources */ = {isa = PBXBuildFile; fileRef = 1AA32976215D9467002DBA3F /* CoreApi.swift */; };
		1AA32979215D9467002DBA3F /* CoreApi.swift in Sources */ = {isa = PBXBuildFile; fileRef = 1AA32976215D9467002DBA3F /* CoreApi.swift */; };
		1AA3297A215D9467002DBA3F /* CoreApi.swift in Sources */ = {isa = PBXBuildFile; fileRef = 1AA32976215D9467002DBA3F /* CoreApi.swift */; };
		1AA3297B215D9467002DBA3F /* SearchApi.swift in Sources */ = {isa = PBXBuildFile; fileRef = 1AA32977215D9467002DBA3F /* SearchApi.swift */; };
		1AA3297C215D9467002DBA3F /* SearchApi.swift in Sources */ = {isa = PBXBuildFile; fileRef = 1AA32977215D9467002DBA3F /* SearchApi.swift */; };
		1AA3297D215D9467002DBA3F /* SearchApi.swift in Sources */ = {isa = PBXBuildFile; fileRef = 1AA32977215D9467002DBA3F /* SearchApi.swift */; };
		1AA3297F215D951D002DBA3F /* Products.swift in Sources */ = {isa = PBXBuildFile; fileRef = 1AA3297E215D951D002DBA3F /* Products.swift */; };
		1AA32980215D951D002DBA3F /* Products.swift in Sources */ = {isa = PBXBuildFile; fileRef = 1AA3297E215D951D002DBA3F /* Products.swift */; };
		1AA32981215D951D002DBA3F /* Products.swift in Sources */ = {isa = PBXBuildFile; fileRef = 1AA3297E215D951D002DBA3F /* Products.swift */; };
		1AA32984215D963B002DBA3F /* SearchResultViewController.swift in Sources */ = {isa = PBXBuildFile; fileRef = 1AA32982215D963B002DBA3F /* SearchResultViewController.swift */; };
		1AA32987215D963B002DBA3F /* SearchResultViewController.xib in Resources */ = {isa = PBXBuildFile; fileRef = 1AA32983215D963B002DBA3F /* SearchResultViewController.xib */; };
		1AA32988215D963B002DBA3F /* SearchResultViewController.xib in Resources */ = {isa = PBXBuildFile; fileRef = 1AA32983215D963B002DBA3F /* SearchResultViewController.xib */; };
		1AA32989215D963B002DBA3F /* SearchResultViewController.xib in Resources */ = {isa = PBXBuildFile; fileRef = 1AA32983215D963B002DBA3F /* SearchResultViewController.xib */; };
		1AA3298C215D99F5002DBA3F /* ProductCell.swift in Sources */ = {isa = PBXBuildFile; fileRef = 1AA3298A215D99F5002DBA3F /* ProductCell.swift */; };
		1AA3298D215D99F5002DBA3F /* ProductCell.swift in Sources */ = {isa = PBXBuildFile; fileRef = 1AA3298A215D99F5002DBA3F /* ProductCell.swift */; };
		1AA3298E215D99F5002DBA3F /* ProductCell.swift in Sources */ = {isa = PBXBuildFile; fileRef = 1AA3298A215D99F5002DBA3F /* ProductCell.swift */; };
		1AA3298F215D99F5002DBA3F /* ProductCell.xib in Resources */ = {isa = PBXBuildFile; fileRef = 1AA3298B215D99F5002DBA3F /* ProductCell.xib */; };
		1AA32990215D99F5002DBA3F /* ProductCell.xib in Resources */ = {isa = PBXBuildFile; fileRef = 1AA3298B215D99F5002DBA3F /* ProductCell.xib */; };
		1AA32991215D99F5002DBA3F /* ProductCell.xib in Resources */ = {isa = PBXBuildFile; fileRef = 1AA3298B215D99F5002DBA3F /* ProductCell.xib */; };
		93BF00FBE5E5EC8515EBEE16 /* Pods_SearchUITests.framework in Frameworks */ = {isa = PBXBuildFile; fileRef = 5DD0861197424842D6A6BB2E /* Pods_SearchUITests.framework */; };
		A3ECCFF6E3B41CA9F36E0D39 /* Pods_SearchTests.framework in Frameworks */ = {isa = PBXBuildFile; fileRef = C90E976897EFDCCD528340B3 /* Pods_SearchTests.framework */; };
		ECF3401B0713177114AB45B1 /* Pods_Search.framework in Frameworks */ = {isa = PBXBuildFile; fileRef = EE01711068BEA8FE5CCF989F /* Pods_Search.framework */; };
/* End PBXBuildFile section */

/* Begin PBXContainerItemProxy section */
		1AA3294D215D8E71002DBA3F /* PBXContainerItemProxy */ = {
			isa = PBXContainerItemProxy;
			containerPortal = 1AA32930215D8E6F002DBA3F /* Project object */;
			proxyType = 1;
			remoteGlobalIDString = 1AA32937215D8E6F002DBA3F;
			remoteInfo = Search;
		};
		1AA32958215D8E71002DBA3F /* PBXContainerItemProxy */ = {
			isa = PBXContainerItemProxy;
			containerPortal = 1AA32930215D8E6F002DBA3F /* Project object */;
			proxyType = 1;
			remoteGlobalIDString = 1AA32937215D8E6F002DBA3F;
			remoteInfo = Search;
		};
/* End PBXContainerItemProxy section */

/* Begin PBXFileReference section */
		0D47F831023B2847263D92EA /* Pods-Search.release.xcconfig */ = {isa = PBXFileReference; includeInIndex = 1; lastKnownFileType = text.xcconfig; name = "Pods-Search.release.xcconfig"; path = "Pods/Target Support Files/Pods-Search/Pods-Search.release.xcconfig"; sourceTree = "<group>"; };
		11E5F9AA52B650BBB031FE50 /* Pods-SearchUITests.release.xcconfig */ = {isa = PBXFileReference; includeInIndex = 1; lastKnownFileType = text.xcconfig; name = "Pods-SearchUITests.release.xcconfig"; path = "Pods/Target Support Files/Pods-SearchUITests/Pods-SearchUITests.release.xcconfig"; sourceTree = "<group>"; };
		1A6459682309B33400E28181 /* CustomCollectionViewFlowLayout.swift */ = {isa = PBXFileReference; lastKnownFileType = sourcecode.swift; path = CustomCollectionViewFlowLayout.swift; sourceTree = "<group>"; };
		1AA32938215D8E6F002DBA3F /* Search.app */ = {isa = PBXFileReference; explicitFileType = wrapper.application; includeInIndex = 0; path = Search.app; sourceTree = BUILT_PRODUCTS_DIR; };
		1AA3293B215D8E6F002DBA3F /* AppDelegate.swift */ = {isa = PBXFileReference; lastKnownFileType = sourcecode.swift; path = AppDelegate.swift; sourceTree = "<group>"; };
		1AA32942215D8E71002DBA3F /* Assets.xcassets */ = {isa = PBXFileReference; lastKnownFileType = folder.assetcatalog; path = Assets.xcassets; sourceTree = "<group>"; };
		1AA32945215D8E71002DBA3F /* Base */ = {isa = PBXFileReference; lastKnownFileType = file.storyboard; name = Base; path = Base.lproj/LaunchScreen.storyboard; sourceTree = "<group>"; };
		1AA32947215D8E71002DBA3F /* Info.plist */ = {isa = PBXFileReference; lastKnownFileType = text.plist.xml; path = Info.plist; sourceTree = "<group>"; };
		1AA3294C215D8E71002DBA3F /* SearchTests.xctest */ = {isa = PBXFileReference; explicitFileType = wrapper.cfbundle; includeInIndex = 0; path = SearchTests.xctest; sourceTree = BUILT_PRODUCTS_DIR; };
		1AA32950215D8E71002DBA3F /* SearchTests.swift */ = {isa = PBXFileReference; lastKnownFileType = sourcecode.swift; path = SearchTests.swift; sourceTree = "<group>"; };
		1AA32952215D8E71002DBA3F /* Info.plist */ = {isa = PBXFileReference; lastKnownFileType = text.plist.xml; path = Info.plist; sourceTree = "<group>"; };
		1AA32957215D8E71002DBA3F /* SearchUITests.xctest */ = {isa = PBXFileReference; explicitFileType = wrapper.cfbundle; includeInIndex = 0; path = SearchUITests.xctest; sourceTree = BUILT_PRODUCTS_DIR; };
		1AA3295B215D8E71002DBA3F /* SearchUITests.swift */ = {isa = PBXFileReference; lastKnownFileType = sourcecode.swift; path = SearchUITests.swift; sourceTree = "<group>"; };
		1AA3295D215D8E71002DBA3F /* Info.plist */ = {isa = PBXFileReference; lastKnownFileType = text.plist.xml; path = Info.plist; sourceTree = "<group>"; };
		1AA3296E215D9443002DBA3F /* Extension.swift */ = {isa = PBXFileReference; fileEncoding = 4; lastKnownFileType = sourcecode.swift; path = Extension.swift; sourceTree = "<group>"; };
		1AA3296F215D9444002DBA3F /* Constants.swift */ = {isa = PBXFileReference; fileEncoding = 4; lastKnownFileType = sourcecode.swift; path = Constants.swift; sourceTree = "<group>"; };
		1AA32976215D9467002DBA3F /* CoreApi.swift */ = {isa = PBXFileReference; fileEncoding = 4; lastKnownFileType = sourcecode.swift; path = CoreApi.swift; sourceTree = "<group>"; };
		1AA32977215D9467002DBA3F /* SearchApi.swift */ = {isa = PBXFileReference; fileEncoding = 4; lastKnownFileType = sourcecode.swift; path = SearchApi.swift; sourceTree = "<group>"; };
		1AA3297E215D951D002DBA3F /* Products.swift */ = {isa = PBXFileReference; lastKnownFileType = sourcecode.swift; path = Products.swift; sourceTree = "<group>"; };
		1AA32982215D963B002DBA3F /* SearchResultViewController.swift */ = {isa = PBXFileReference; lastKnownFileType = sourcecode.swift; path = SearchResultViewController.swift; sourceTree = "<group>"; };
		1AA32983215D963B002DBA3F /* SearchResultViewController.xib */ = {isa = PBXFileReference; lastKnownFileType = file.xib; path = SearchResultViewController.xib; sourceTree = "<group>"; };
		1AA3298A215D99F5002DBA3F /* ProductCell.swift */ = {isa = PBXFileReference; lastKnownFileType = sourcecode.swift; path = ProductCell.swift; sourceTree = "<group>"; };
		1AA3298B215D99F5002DBA3F /* ProductCell.xib */ = {isa = PBXFileReference; lastKnownFileType = file.xib; path = ProductCell.xib; sourceTree = "<group>"; };
		5DD0861197424842D6A6BB2E /* Pods_SearchUITests.framework */ = {isa = PBXFileReference; explicitFileType = wrapper.framework; includeInIndex = 0; path = Pods_SearchUITests.framework; sourceTree = BUILT_PRODUCTS_DIR; };
		9E8ADA023EA321AFD0640499 /* Pods-SearchUITests.debug.xcconfig */ = {isa = PBXFileReference; includeInIndex = 1; lastKnownFileType = text.xcconfig; name = "Pods-SearchUITests.debug.xcconfig"; path = "Pods/Target Support Files/Pods-SearchUITests/Pods-SearchUITests.debug.xcconfig"; sourceTree = "<group>"; };
		A34DC8B6B2F9330587348B4C /* Pods-Search.debug.xcconfig */ = {isa = PBXFileReference; includeInIndex = 1; lastKnownFileType = text.xcconfig; name = "Pods-Search.debug.xcconfig"; path = "Pods/Target Support Files/Pods-Search/Pods-Search.debug.xcconfig"; sourceTree = "<group>"; };
		C0806C8CE23CB05414853B48 /* Pods-SearchTests.debug.xcconfig */ = {isa = PBXFileReference; includeInIndex = 1; lastKnownFileType = text.xcconfig; name = "Pods-SearchTests.debug.xcconfig"; path = "Pods/Target Support Files/Pods-SearchTests/Pods-SearchTests.debug.xcconfig"; sourceTree = "<group>"; };
		C90E976897EFDCCD528340B3 /* Pods_SearchTests.framework */ = {isa = PBXFileReference; explicitFileType = wrapper.framework; includeInIndex = 0; path = Pods_SearchTests.framework; sourceTree = BUILT_PRODUCTS_DIR; };
		CFB9D422CF9509639BCC9438 /* Pods-SearchTests.release.xcconfig */ = {isa = PBXFileReference; includeInIndex = 1; lastKnownFileType = text.xcconfig; name = "Pods-SearchTests.release.xcconfig"; path = "Pods/Target Support Files/Pods-SearchTests/Pods-SearchTests.release.xcconfig"; sourceTree = "<group>"; };
		EE01711068BEA8FE5CCF989F /* Pods_Search.framework */ = {isa = PBXFileReference; explicitFileType = wrapper.framework; includeInIndex = 0; path = Pods_Search.framework; sourceTree = BUILT_PRODUCTS_DIR; };
/* End PBXFileReference section */

/* Begin PBXFrameworksBuildPhase section */
		1AA32935215D8E6F002DBA3F /* Frameworks */ = {
			isa = PBXFrameworksBuildPhase;
			buildActionMask = 2147483647;
			files = (
				ECF3401B0713177114AB45B1 /* Pods_Search.framework in Frameworks */,
			);
			runOnlyForDeploymentPostprocessing = 0;
		};
		1AA32949215D8E71002DBA3F /* Frameworks */ = {
			isa = PBXFrameworksBuildPhase;
			buildActionMask = 2147483647;
			files = (
				A3ECCFF6E3B41CA9F36E0D39 /* Pods_SearchTests.framework in Frameworks */,
			);
			runOnlyForDeploymentPostprocessing = 0;
		};
		1AA32954215D8E71002DBA3F /* Frameworks */ = {
			isa = PBXFrameworksBuildPhase;
			buildActionMask = 2147483647;
			files = (
				93BF00FBE5E5EC8515EBEE16 /* Pods_SearchUITests.framework in Frameworks */,
			);
			runOnlyForDeploymentPostprocessing = 0;
		};
/* End PBXFrameworksBuildPhase section */

/* Begin PBXGroup section */
		1AA3292F215D8E6F002DBA3F = {
			isa = PBXGroup;
			children = (
				1AA3293A215D8E6F002DBA3F /* Search */,
				1AA3294F215D8E71002DBA3F /* SearchTests */,
				1AA3295A215D8E71002DBA3F /* SearchUITests */,
				1AA32939215D8E6F002DBA3F /* Products */,
				86FCBDE579A155874968C464 /* Pods */,
				934D4D299D30FF5734BCF5A3 /* Frameworks */,
			);
			sourceTree = "<group>";
		};
		1AA32939215D8E6F002DBA3F /* Products */ = {
			isa = PBXGroup;
			children = (
				1AA32938215D8E6F002DBA3F /* Search.app */,
				1AA3294C215D8E71002DBA3F /* SearchTests.xctest */,
				1AA32957215D8E71002DBA3F /* SearchUITests.xctest */,
			);
			name = Products;
			sourceTree = "<group>";
		};
		1AA3293A215D8E6F002DBA3F /* Search */ = {
			isa = PBXGroup;
			children = (
				1AA3296B215D93C0002DBA3F /* Models */,
				1AA3296C215D93D2002DBA3F /* View */,
				1AA3296D215D93EB002DBA3F /* Controller */,
				1AA3296A215D93AD002DBA3F /* CoreApi */,
				1AA32969215D9389002DBA3F /* Utility */,
				1AA3293B215D8E6F002DBA3F /* AppDelegate.swift */,
				1AA32942215D8E71002DBA3F /* Assets.xcassets */,
				1AA32944215D8E71002DBA3F /* LaunchScreen.storyboard */,
				1AA32947215D8E71002DBA3F /* Info.plist */,
			);
			path = Search;
			sourceTree = "<group>";
		};
		1AA3294F215D8E71002DBA3F /* SearchTests */ = {
			isa = PBXGroup;
			children = (
				1AA32950215D8E71002DBA3F /* SearchTests.swift */,
				1AA32952215D8E71002DBA3F /* Info.plist */,
			);
			path = SearchTests;
			sourceTree = "<group>";
		};
		1AA3295A215D8E71002DBA3F /* SearchUITests */ = {
			isa = PBXGroup;
			children = (
				1AA3295B215D8E71002DBA3F /* SearchUITests.swift */,
				1AA3295D215D8E71002DBA3F /* Info.plist */,
			);
			path = SearchUITests;
			sourceTree = "<group>";
		};
		1AA32969215D9389002DBA3F /* Utility */ = {
			isa = PBXGroup;
			children = (
				1AA3296F215D9444002DBA3F /* Constants.swift */,
				1AA3296E215D9443002DBA3F /* Extension.swift */,
				1A6459682309B33400E28181 /* CustomCollectionViewFlowLayout.swift */,
			);
			path = Utility;
			sourceTree = "<group>";
		};
		1AA3296A215D93AD002DBA3F /* CoreApi */ = {
			isa = PBXGroup;
			children = (
				1AA32977215D9467002DBA3F /* SearchApi.swift */,
				1AA32976215D9467002DBA3F /* CoreApi.swift */,
			);
			path = CoreApi;
			sourceTree = "<group>";
		};
		1AA3296B215D93C0002DBA3F /* Models */ = {
			isa = PBXGroup;
			children = (
				1AA3297E215D951D002DBA3F /* Products.swift */,
			);
			path = Models;
			sourceTree = "<group>";
		};
		1AA3296C215D93D2002DBA3F /* View */ = {
			isa = PBXGroup;
			children = (
				1AA32983215D963B002DBA3F /* SearchResultViewController.xib */,
				1AA3298A215D99F5002DBA3F /* ProductCell.swift */,
				1AA3298B215D99F5002DBA3F /* ProductCell.xib */,
			);
			path = View;
			sourceTree = "<group>";
		};
		1AA3296D215D93EB002DBA3F /* Controller */ = {
			isa = PBXGroup;
			children = (
				1AA32982215D963B002DBA3F /* SearchResultViewController.swift */,
			);
			path = Controller;
			sourceTree = "<group>";
		};
		86FCBDE579A155874968C464 /* Pods */ = {
			isa = PBXGroup;
			children = (
				A34DC8B6B2F9330587348B4C /* Pods-Search.debug.xcconfig */,
				0D47F831023B2847263D92EA /* Pods-Search.release.xcconfig */,
				C0806C8CE23CB05414853B48 /* Pods-SearchTests.debug.xcconfig */,
				CFB9D422CF9509639BCC9438 /* Pods-SearchTests.release.xcconfig */,
				9E8ADA023EA321AFD0640499 /* Pods-SearchUITests.debug.xcconfig */,
				11E5F9AA52B650BBB031FE50 /* Pods-SearchUITests.release.xcconfig */,
			);
			name = Pods;
			sourceTree = "<group>";
		};
		934D4D299D30FF5734BCF5A3 /* Frameworks */ = {
			isa = PBXGroup;
			children = (
				EE01711068BEA8FE5CCF989F /* Pods_Search.framework */,
				C90E976897EFDCCD528340B3 /* Pods_SearchTests.framework */,
				5DD0861197424842D6A6BB2E /* Pods_SearchUITests.framework */,
			);
			name = Frameworks;
			sourceTree = "<group>";
		};
/* End PBXGroup section */

/* Begin PBXNativeTarget section */
		1AA32937215D8E6F002DBA3F /* Search */ = {
			isa = PBXNativeTarget;
			buildConfigurationList = 1AA32960215D8E71002DBA3F /* Build configuration list for PBXNativeTarget "Search" */;
			buildPhases = (
				A173984C5F67F5059DE5326D /* [CP] Check Pods Manifest.lock */,
				1AA32934215D8E6F002DBA3F /* Sources */,
				1AA32935215D8E6F002DBA3F /* Frameworks */,
				1AA32936215D8E6F002DBA3F /* Resources */,
				97EF0F76BE73767C99CCC66C /* [CP] Embed Pods Frameworks */,
				E716B0197052442BFBF0ECF2 /* [CP] Copy Pods Resources */,
			);
			buildRules = (
			);
			dependencies = (
			);
			name = Search;
			productName = Search;
			productReference = 1AA32938215D8E6F002DBA3F /* Search.app */;
			productType = "com.apple.product-type.application";
		};
		1AA3294B215D8E71002DBA3F /* SearchTests */ = {
			isa = PBXNativeTarget;
			buildConfigurationList = 1AA32963215D8E71002DBA3F /* Build configuration list for PBXNativeTarget "SearchTests" */;
			buildPhases = (
				99BF95C91E46DF0B3ECCB294 /* [CP] Check Pods Manifest.lock */,
				1AA32948215D8E71002DBA3F /* Sources */,
				1AA32949215D8E71002DBA3F /* Frameworks */,
				1AA3294A215D8E71002DBA3F /* Resources */,
				EC978E931D4EB4FA410D490F /* [CP] Embed Pods Frameworks */,
				E1E4D1729E195B3004BAF956 /* [CP] Copy Pods Resources */,
			);
			buildRules = (
			);
			dependencies = (
				1AA3294E215D8E71002DBA3F /* PBXTargetDependency */,
			);
			name = SearchTests;
			productName = SearchTests;
			productReference = 1AA3294C215D8E71002DBA3F /* SearchTests.xctest */;
			productType = "com.apple.product-type.bundle.unit-test";
		};
		1AA32956215D8E71002DBA3F /* SearchUITests */ = {
			isa = PBXNativeTarget;
			buildConfigurationList = 1AA32966215D8E71002DBA3F /* Build configuration list for PBXNativeTarget "SearchUITests" */;
			buildPhases = (
				61E42421DE715753A3A8277E /* [CP] Check Pods Manifest.lock */,
				1AA32953215D8E71002DBA3F /* Sources */,
				1AA32954215D8E71002DBA3F /* Frameworks */,
				1AA32955215D8E71002DBA3F /* Resources */,
				54D83A5210C73DD499314246 /* [CP] Embed Pods Frameworks */,
				805264C1FFB8A5BAE17677A6 /* [CP] Copy Pods Resources */,
			);
			buildRules = (
			);
			dependencies = (
				1AA32959215D8E71002DBA3F /* PBXTargetDependency */,
			);
			name = SearchUITests;
			productName = SearchUITests;
			productReference = 1AA32957215D8E71002DBA3F /* SearchUITests.xctest */;
			productType = "com.apple.product-type.bundle.ui-testing";
		};
/* End PBXNativeTarget section */

/* Begin PBXProject section */
		1AA32930215D8E6F002DBA3F /* Project object */ = {
			isa = PBXProject;
			attributes = {
				LastSwiftUpdateCheck = 1000;
				LastUpgradeCheck = 1000;
				ORGANIZATIONNAME = tokopedia;
				TargetAttributes = {
					1AA32937215D8E6F002DBA3F = {
						CreatedOnToolsVersion = 10.0;
					};
					1AA3294B215D8E71002DBA3F = {
						CreatedOnToolsVersion = 10.0;
						TestTargetID = 1AA32937215D8E6F002DBA3F;
					};
					1AA32956215D8E71002DBA3F = {
						CreatedOnToolsVersion = 10.0;
						TestTargetID = 1AA32937215D8E6F002DBA3F;
					};
				};
			};
			buildConfigurationList = 1AA32933215D8E6F002DBA3F /* Build configuration list for PBXProject "Search" */;
			compatibilityVersion = "Xcode 9.3";
			developmentRegion = en;
			hasScannedForEncodings = 0;
			knownRegions = (
				en,
				Base,
			);
			mainGroup = 1AA3292F215D8E6F002DBA3F;
			productRefGroup = 1AA32939215D8E6F002DBA3F /* Products */;
			projectDirPath = "";
			projectRoot = "";
			targets = (
				1AA32937215D8E6F002DBA3F /* Search */,
				1AA3294B215D8E71002DBA3F /* SearchTests */,
				1AA32956215D8E71002DBA3F /* SearchUITests */,
			);
		};
/* End PBXProject section */

/* Begin PBXResourcesBuildPhase section */
		1AA32936215D8E6F002DBA3F /* Resources */ = {
			isa = PBXResourcesBuildPhase;
			buildActionMask = 2147483647;
			files = (
				1AA32946215D8E71002DBA3F /* LaunchScreen.storyboard in Resources */,
				1AA32943215D8E71002DBA3F /* Assets.xcassets in Resources */,
				1AA3298F215D99F5002DBA3F /* ProductCell.xib in Resources */,
				1AA32987215D963B002DBA3F /* SearchResultViewController.xib in Resources */,
			);
			runOnlyForDeploymentPostprocessing = 0;
		};
		1AA3294A215D8E71002DBA3F /* Resources */ = {
			isa = PBXResourcesBuildPhase;
			buildActionMask = 2147483647;
			files = (
				1AA32988215D963B002DBA3F /* SearchResultViewController.xib in Resources */,
				1AA32990215D99F5002DBA3F /* ProductCell.xib in Resources */,
			);
			runOnlyForDeploymentPostprocessing = 0;
		};
		1AA32955215D8E71002DBA3F /* Resources */ = {
			isa = PBXResourcesBuildPhase;
			buildActionMask = 2147483647;
			files = (
				1AA32989215D963B002DBA3F /* SearchResultViewController.xib in Resources */,
				1AA32991215D99F5002DBA3F /* ProductCell.xib in Resources */,
			);
			runOnlyForDeploymentPostprocessing = 0;
		};
/* End PBXResourcesBuildPhase section */

/* Begin PBXShellScriptBuildPhase section */
		54D83A5210C73DD499314246 /* [CP] Embed Pods Frameworks */ = {
			isa = PBXShellScriptBuildPhase;
			buildActionMask = 2147483647;
			files = (
			);
			inputPaths = (
				"${SRCROOT}/Pods/Target Support Files/Pods-SearchUITests/Pods-SearchUITests-frameworks.sh",
				"${BUILT_PRODUCTS_DIR}/Alamofire/Alamofire.framework",
				"${BUILT_PRODUCTS_DIR}/SDWebImage/SDWebImage.framework",
			);
			name = "[CP] Embed Pods Frameworks";
			outputPaths = (
				"${TARGET_BUILD_DIR}/${FRAMEWORKS_FOLDER_PATH}/Alamofire.framework",
				"${TARGET_BUILD_DIR}/${FRAMEWORKS_FOLDER_PATH}/SDWebImage.framework",
			);
			runOnlyForDeploymentPostprocessing = 0;
			shellPath = /bin/sh;
			shellScript = "\"${SRCROOT}/Pods/Target Support Files/Pods-SearchUITests/Pods-SearchUITests-frameworks.sh\"\n";
			showEnvVarsInLog = 0;
		};
		61E42421DE715753A3A8277E /* [CP] Check Pods Manifest.lock */ = {
			isa = PBXShellScriptBuildPhase;
			buildActionMask = 2147483647;
			files = (
			);
			inputPaths = (
				"${PODS_PODFILE_DIR_PATH}/Podfile.lock",
				"${PODS_ROOT}/Manifest.lock",
			);
			name = "[CP] Check Pods Manifest.lock";
			outputPaths = (
				"$(DERIVED_FILE_DIR)/Pods-SearchUITests-checkManifestLockResult.txt",
			);
			runOnlyForDeploymentPostprocessing = 0;
			shellPath = /bin/sh;
			shellScript = "diff \"${PODS_PODFILE_DIR_PATH}/Podfile.lock\" \"${PODS_ROOT}/Manifest.lock\" > /dev/null\nif [ $? != 0 ] ; then\n    # print error to STDERR\n    echo \"error: The sandbox is not in sync with the Podfile.lock. Run 'pod install' or update your CocoaPods installation.\" >&2\n    exit 1\nfi\n# This output is used by Xcode 'outputs' to avoid re-running this script phase.\necho \"SUCCESS\" > \"${SCRIPT_OUTPUT_FILE_0}\"\n";
			showEnvVarsInLog = 0;
		};
		805264C1FFB8A5BAE17677A6 /* [CP] Copy Pods Resources */ = {
			isa = PBXShellScriptBuildPhase;
			buildActionMask = 2147483647;
			files = (
			);
			inputPaths = (
			);
			name = "[CP] Copy Pods Resources";
			outputPaths = (
			);
			runOnlyForDeploymentPostprocessing = 0;
			shellPath = /bin/sh;
			shellScript = "\"${SRCROOT}/Pods/Target Support Files/Pods-SearchUITests/Pods-SearchUITests-resources.sh\"\n";
			showEnvVarsInLog = 0;
		};
		97EF0F76BE73767C99CCC66C /* [CP] Embed Pods Frameworks */ = {
			isa = PBXShellScriptBuildPhase;
			buildActionMask = 2147483647;
			files = (
			);
			inputPaths = (
				"${SRCROOT}/Pods/Target Support Files/Pods-Search/Pods-Search-frameworks.sh",
				"${BUILT_PRODUCTS_DIR}/Alamofire/Alamofire.framework",
				"${BUILT_PRODUCTS_DIR}/SDWebImage/SDWebImage.framework",
			);
			name = "[CP] Embed Pods Frameworks";
			outputPaths = (
				"${TARGET_BUILD_DIR}/${FRAMEWORKS_FOLDER_PATH}/Alamofire.framework",
				"${TARGET_BUILD_DIR}/${FRAMEWORKS_FOLDER_PATH}/SDWebImage.framework",
			);
			runOnlyForDeploymentPostprocessing = 0;
			shellPath = /bin/sh;
			shellScript = "\"${SRCROOT}/Pods/Target Support Files/Pods-Search/Pods-Search-frameworks.sh\"\n";
			showEnvVarsInLog = 0;
		};
		99BF95C91E46DF0B3ECCB294 /* [CP] Check Pods Manifest.lock */ = {
			isa = PBXShellScriptBuildPhase;
			buildActionMask = 2147483647;
			files = (
			);
			inputPaths = (
				"${PODS_PODFILE_DIR_PATH}/Podfile.lock",
				"${PODS_ROOT}/Manifest.lock",
			);
			name = "[CP] Check Pods Manifest.lock";
			outputPaths = (
				"$(DERIVED_FILE_DIR)/Pods-SearchTests-checkManifestLockResult.txt",
			);
			runOnlyForDeploymentPostprocessing = 0;
			shellPath = /bin/sh;
			shellScript = "diff \"${PODS_PODFILE_DIR_PATH}/Podfile.lock\" \"${PODS_ROOT}/Manifest.lock\" > /dev/null\nif [ $? != 0 ] ; then\n    # print error to STDERR\n    echo \"error: The sandbox is not in sync with the Podfile.lock. Run 'pod install' or update your CocoaPods installation.\" >&2\n    exit 1\nfi\n# This output is used by Xcode 'outputs' to avoid re-running this script phase.\necho \"SUCCESS\" > \"${SCRIPT_OUTPUT_FILE_0}\"\n";
			showEnvVarsInLog = 0;
		};
		A173984C5F67F5059DE5326D /* [CP] Check Pods Manifest.lock */ = {
			isa = PBXShellScriptBuildPhase;
			buildActionMask = 2147483647;
			files = (
			);
			inputPaths = (
				"${PODS_PODFILE_DIR_PATH}/Podfile.lock",
				"${PODS_ROOT}/Manifest.lock",
			);
			name = "[CP] Check Pods Manifest.lock";
			outputPaths = (
				"$(DERIVED_FILE_DIR)/Pods-Search-checkManifestLockResult.txt",
			);
			runOnlyForDeploymentPostprocessing = 0;
			shellPath = /bin/sh;
			shellScript = "diff \"${PODS_PODFILE_DIR_PATH}/Podfile.lock\" \"${PODS_ROOT}/Manifest.lock\" > /dev/null\nif [ $? != 0 ] ; then\n    # print error to STDERR\n    echo \"error: The sandbox is not in sync with the Podfile.lock. Run 'pod install' or update your CocoaPods installation.\" >&2\n    exit 1\nfi\n# This output is used by Xcode 'outputs' to avoid re-running this script phase.\necho \"SUCCESS\" > \"${SCRIPT_OUTPUT_FILE_0}\"\n";
			showEnvVarsInLog = 0;
		};
		E1E4D1729E195B3004BAF956 /* [CP] Copy Pods Resources */ = {
			isa = PBXShellScriptBuildPhase;
			buildActionMask = 2147483647;
			files = (
			);
			inputPaths = (
			);
			name = "[CP] Copy Pods Resources";
			outputPaths = (
			);
			runOnlyForDeploymentPostprocessing = 0;
			shellPath = /bin/sh;
			shellScript = "\"${SRCROOT}/Pods/Target Support Files/Pods-SearchTests/Pods-SearchTests-resources.sh\"\n";
			showEnvVarsInLog = 0;
		};
		E716B0197052442BFBF0ECF2 /* [CP] Copy Pods Resources */ = {
			isa = PBXShellScriptBuildPhase;
			buildActionMask = 2147483647;
			files = (
			);
			inputPaths = (
			);
			name = "[CP] Copy Pods Resources";
			outputPaths = (
			);
			runOnlyForDeploymentPostprocessing = 0;
			shellPath = /bin/sh;
			shellScript = "\"${SRCROOT}/Pods/Target Support Files/Pods-Search/Pods-Search-resources.sh\"\n";
			showEnvVarsInLog = 0;
		};
		EC978E931D4EB4FA410D490F /* [CP] Embed Pods Frameworks */ = {
			isa = PBXShellScriptBuildPhase;
			buildActionMask = 2147483647;
			files = (
			);
			inputPaths = (
				"${SRCROOT}/Pods/Target Support Files/Pods-SearchTests/Pods-SearchTests-frameworks.sh",
				"${BUILT_PRODUCTS_DIR}/Alamofire/Alamofire.framework",
				"${BUILT_PRODUCTS_DIR}/SDWebImage/SDWebImage.framework",
			);
			name = "[CP] Embed Pods Frameworks";
			outputPaths = (
				"${TARGET_BUILD_DIR}/${FRAMEWORKS_FOLDER_PATH}/Alamofire.framework",
				"${TARGET_BUILD_DIR}/${FRAMEWORKS_FOLDER_PATH}/SDWebImage.framework",
			);
			runOnlyForDeploymentPostprocessing = 0;
			shellPath = /bin/sh;
			shellScript = "\"${SRCROOT}/Pods/Target Support Files/Pods-SearchTests/Pods-SearchTests-frameworks.sh\"\n";
			showEnvVarsInLog = 0;
		};
/* End PBXShellScriptBuildPhase section */

/* Begin PBXSourcesBuildPhase section */
		1AA32934215D8E6F002DBA3F /* Sources */ = {
			isa = PBXSourcesBuildPhase;
			buildActionMask = 2147483647;
			files = (
				1AA32970215D9444002DBA3F /* Extension.swift in Sources */,
				1AA3293C215D8E6F002DBA3F /* AppDelegate.swift in Sources */,
				1AA3297F215D951D002DBA3F /* Products.swift in Sources */,
				1AA32973215D9444002DBA3F /* Constants.swift in Sources */,
				1A6459692309B33400E28181 /* CustomCollectionViewFlowLayout.swift in Sources */,
				1AA32978215D9467002DBA3F /* CoreApi.swift in Sources */,
				1AA3298C215D99F5002DBA3F /* ProductCell.swift in Sources */,
				1AA32984215D963B002DBA3F /* SearchResultViewController.swift in Sources */,
				1AA3297B215D9467002DBA3F /* SearchApi.swift in Sources */,
			);
			runOnlyForDeploymentPostprocessing = 0;
		};
		1AA32948215D8E71002DBA3F /* Sources */ = {
			isa = PBXSourcesBuildPhase;
			buildActionMask = 2147483647;
			files = (
				1AA32951215D8E71002DBA3F /* SearchTests.swift in Sources */,
				1AA32971215D9444002DBA3F /* Extension.swift in Sources */,
				1AA32974215D9444002DBA3F /* Constants.swift in Sources */,
				1AA32980215D951D002DBA3F /* Products.swift in Sources */,
				1AA3298D215D99F5002DBA3F /* ProductCell.swift in Sources */,
				1AA3297C215D9467002DBA3F /* SearchApi.swift in Sources */,
				1AA32979215D9467002DBA3F /* CoreApi.swift in Sources */,
			);
			runOnlyForDeploymentPostprocessing = 0;
		};
		1AA32953215D8E71002DBA3F /* Sources */ = {
			isa = PBXSourcesBuildPhase;
			buildActionMask = 2147483647;
			files = (
				1AA3295C215D8E71002DBA3F /* SearchUITests.swift in Sources */,
				1AA32972215D9444002DBA3F /* Extension.swift in Sources */,
				1AA32975215D9444002DBA3F /* Constants.swift in Sources */,
				1AA32981215D951D002DBA3F /* Products.swift in Sources */,
				1AA3298E215D99F5002DBA3F /* ProductCell.swift in Sources */,
				1AA3297D215D9467002DBA3F /* SearchApi.swift in Sources */,
				1AA3297A215D9467002DBA3F /* CoreApi.swift in Sources */,
			);
			runOnlyForDeploymentPostprocessing = 0;
		};
/* End PBXSourcesBuildPhase section */

/* Begin PBXTargetDependency section */
		1AA3294E215D8E71002DBA3F /* PBXTargetDependency */ = {
			isa = PBXTargetDependency;
			target = 1AA32937215D8E6F002DBA3F /* Search */;
			targetProxy = 1AA3294D215D8E71002DBA3F /* PBXContainerItemProxy */;
		};
		1AA32959215D8E71002DBA3F /* PBXTargetDependency */ = {
			isa = PBXTargetDependency;
			target = 1AA32937215D8E6F002DBA3F /* Search */;
			targetProxy = 1AA32958215D8E71002DBA3F /* PBXContainerItemProxy */;
		};
/* End PBXTargetDependency section */

/* Begin PBXVariantGroup section */
		1AA32944215D8E71002DBA3F /* LaunchScreen.storyboard */ = {
			isa = PBXVariantGroup;
			children = (
				1AA32945215D8E71002DBA3F /* Base */,
			);
			name = LaunchScreen.storyboard;
			sourceTree = "<group>";
		};
/* End PBXVariantGroup section */

/* Begin XCBuildConfiguration section */
		1AA3295E215D8E71002DBA3F /* Debug */ = {
			isa = XCBuildConfiguration;
			buildSettings = {
				ALWAYS_SEARCH_USER_PATHS = NO;
				CLANG_ANALYZER_NONNULL = YES;
				CLANG_ANALYZER_NUMBER_OBJECT_CONVERSION = YES_AGGRESSIVE;
				CLANG_CXX_LANGUAGE_STANDARD = "gnu++14";
				CLANG_CXX_LIBRARY = "libc++";
				CLANG_ENABLE_MODULES = YES;
				CLANG_ENABLE_OBJC_ARC = YES;
				CLANG_ENABLE_OBJC_WEAK = YES;
				CLANG_WARN_BLOCK_CAPTURE_AUTORELEASING = YES;
				CLANG_WARN_BOOL_CONVERSION = YES;
				CLANG_WARN_COMMA = YES;
				CLANG_WARN_CONSTANT_CONVERSION = YES;
				CLANG_WARN_DEPRECATED_OBJC_IMPLEMENTATIONS = YES;
				CLANG_WARN_DIRECT_OBJC_ISA_USAGE = YES_ERROR;
				CLANG_WARN_DOCUMENTATION_COMMENTS = YES;
				CLANG_WARN_EMPTY_BODY = YES;
				CLANG_WARN_ENUM_CONVERSION = YES;
				CLANG_WARN_INFINITE_RECURSION = YES;
				CLANG_WARN_INT_CONVERSION = YES;
				CLANG_WARN_NON_LITERAL_NULL_CONVERSION = YES;
				CLANG_WARN_OBJC_IMPLICIT_RETAIN_SELF = YES;
				CLANG_WARN_OBJC_LITERAL_CONVERSION = YES;
				CLANG_WARN_OBJC_ROOT_CLASS = YES_ERROR;
				CLANG_WARN_RANGE_LOOP_ANALYSIS = YES;
				CLANG_WARN_STRICT_PROTOTYPES = YES;
				CLANG_WARN_SUSPICIOUS_MOVE = YES;
				CLANG_WARN_UNGUARDED_AVAILABILITY = YES_AGGRESSIVE;
				CLANG_WARN_UNREACHABLE_CODE = YES;
				CLANG_WARN__DUPLICATE_METHOD_MATCH = YES;
				CODE_SIGN_IDENTITY = "iPhone Developer";
				COPY_PHASE_STRIP = NO;
				DEBUG_INFORMATION_FORMAT = dwarf;
				ENABLE_STRICT_OBJC_MSGSEND = YES;
				ENABLE_TESTABILITY = YES;
				GCC_C_LANGUAGE_STANDARD = gnu11;
				GCC_DYNAMIC_NO_PIC = NO;
				GCC_NO_COMMON_BLOCKS = YES;
				GCC_OPTIMIZATION_LEVEL = 0;
				GCC_PREPROCESSOR_DEFINITIONS = (
					"DEBUG=1",
					"$(inherited)",
				);
				GCC_WARN_64_TO_32_BIT_CONVERSION = YES;
				GCC_WARN_ABOUT_RETURN_TYPE = YES_ERROR;
				GCC_WARN_UNDECLARED_SELECTOR = YES;
				GCC_WARN_UNINITIALIZED_AUTOS = YES_AGGRESSIVE;
				GCC_WARN_UNUSED_FUNCTION = YES;
				GCC_WARN_UNUSED_VARIABLE = YES;
				IPHONEOS_DEPLOYMENT_TARGET = 12.0;
				MTL_ENABLE_DEBUG_INFO = INCLUDE_SOURCE;
				MTL_FAST_MATH = YES;
				ONLY_ACTIVE_ARCH = YES;
				SDKROOT = iphoneos;
				SWIFT_ACTIVE_COMPILATION_CONDITIONS = DEBUG;
				SWIFT_OPTIMIZATION_LEVEL = "-Onone";
			};
			name = Debug;
		};
		1AA3295F215D8E71002DBA3F /* Release */ = {
			isa = XCBuildConfiguration;
			buildSettings = {
				ALWAYS_SEARCH_USER_PATHS = NO;
				CLANG_ANALYZER_NONNULL = YES;
				CLANG_ANALYZER_NUMBER_OBJECT_CONVERSION = YES_AGGRESSIVE;
				CLANG_CXX_LANGUAGE_STANDARD = "gnu++14";
				CLANG_CXX_LIBRARY = "libc++";
				CLANG_ENABLE_MODULES = YES;
				CLANG_ENABLE_OBJC_ARC = YES;
				CLANG_ENABLE_OBJC_WEAK = YES;
				CLANG_WARN_BLOCK_CAPTURE_AUTORELEASING = YES;
				CLANG_WARN_BOOL_CONVERSION = YES;
				CLANG_WARN_COMMA = YES;
				CLANG_WARN_CONSTANT_CONVERSION = YES;
				CLANG_WARN_DEPRECATED_OBJC_IMPLEMENTATIONS = YES;
				CLANG_WARN_DIRECT_OBJC_ISA_USAGE = YES_ERROR;
				CLANG_WARN_DOCUMENTATION_COMMENTS = YES;
				CLANG_WARN_EMPTY_BODY = YES;
				CLANG_WARN_ENUM_CONVERSION = YES;
				CLANG_WARN_INFINITE_RECURSION = YES;
				CLANG_WARN_INT_CONVERSION = YES;
				CLANG_WARN_NON_LITERAL_NULL_CONVERSION = YES;
				CLANG_WARN_OBJC_IMPLICIT_RETAIN_SELF = YES;
				CLANG_WARN_OBJC_LITERAL_CONVERSION = YES;
				CLANG_WARN_OBJC_ROOT_CLASS = YES_ERROR;
				CLANG_WARN_RANGE_LOOP_ANALYSIS = YES;
				CLANG_WARN_STRICT_PROTOTYPES = YES;
				CLANG_WARN_SUSPICIOUS_MOVE = YES;
				CLANG_WARN_UNGUARDED_AVAILABILITY = YES_AGGRESSIVE;
				CLANG_WARN_UNREACHABLE_CODE = YES;
				CLANG_WARN__DUPLICATE_METHOD_MATCH = YES;
				CODE_SIGN_IDENTITY = "iPhone Developer";
				COPY_PHASE_STRIP = NO;
				DEBUG_INFORMATION_FORMAT = "dwarf-with-dsym";
				ENABLE_NS_ASSERTIONS = NO;
				ENABLE_STRICT_OBJC_MSGSEND = YES;
				GCC_C_LANGUAGE_STANDARD = gnu11;
				GCC_NO_COMMON_BLOCKS = YES;
				GCC_WARN_64_TO_32_BIT_CONVERSION = YES;
				GCC_WARN_ABOUT_RETURN_TYPE = YES_ERROR;
				GCC_WARN_UNDECLARED_SELECTOR = YES;
				GCC_WARN_UNINITIALIZED_AUTOS = YES_AGGRESSIVE;
				GCC_WARN_UNUSED_FUNCTION = YES;
				GCC_WARN_UNUSED_VARIABLE = YES;
				IPHONEOS_DEPLOYMENT_TARGET = 12.0;
				MTL_ENABLE_DEBUG_INFO = NO;
				MTL_FAST_MATH = YES;
				SDKROOT = iphoneos;
				SWIFT_COMPILATION_MODE = wholemodule;
				SWIFT_OPTIMIZATION_LEVEL = "-O";
				VALIDATE_PRODUCT = YES;
			};
			name = Release;
		};
		1AA32961215D8E71002DBA3F /* Debug */ = {
			isa = XCBuildConfiguration;
			baseConfigurationReference = A34DC8B6B2F9330587348B4C /* Pods-Search.debug.xcconfig */;
			buildSettings = {
				ASSETCATALOG_COMPILER_APPICON_NAME = AppIcon;
				CODE_SIGN_STYLE = Automatic;
				DEVELOPMENT_TEAM = ZABBW744TH;
				INFOPLIST_FILE = Search/Info.plist;
				LD_RUNPATH_SEARCH_PATHS = (
					"$(inherited)",
					"@executable_path/Frameworks",
				);
				PRODUCT_BUNDLE_IDENTIFIER = com.tokopedia.Search;
				PRODUCT_NAME = "$(TARGET_NAME)";
				SWIFT_VERSION = 4.2;
				TARGETED_DEVICE_FAMILY = "1,2";
			};
			name = Debug;
		};
		1AA32962215D8E71002DBA3F /* Release */ = {
			isa = XCBuildConfiguration;
			baseConfigurationReference = 0D47F831023B2847263D92EA /* Pods-Search.release.xcconfig */;
			buildSettings = {
				ASSETCATALOG_COMPILER_APPICON_NAME = AppIcon;
				CODE_SIGN_STYLE = Automatic;
				DEVELOPMENT_TEAM = ZABBW744TH;
				INFOPLIST_FILE = Search/Info.plist;
				LD_RUNPATH_SEARCH_PATHS = (
					"$(inherited)",
					"@executable_path/Frameworks",
				);
				PRODUCT_BUNDLE_IDENTIFIER = com.tokopedia.Search;
				PRODUCT_NAME = "$(TARGET_NAME)";
				SWIFT_VERSION = 4.2;
				TARGETED_DEVICE_FAMILY = "1,2";
			};
			name = Release;
		};
		1AA32964215D8E71002DBA3F /* Debug */ = {
			isa = XCBuildConfiguration;
			baseConfigurationReference = C0806C8CE23CB05414853B48 /* Pods-SearchTests.debug.xcconfig */;
			buildSettings = {
				ALWAYS_EMBED_SWIFT_STANDARD_LIBRARIES = YES;
				BUNDLE_LOADER = "$(TEST_HOST)";
				CODE_SIGN_STYLE = Automatic;
				DEVELOPMENT_TEAM = ZABBW744TH;
				INFOPLIST_FILE = SearchTests/Info.plist;
				LD_RUNPATH_SEARCH_PATHS = (
					"$(inherited)",
					"@executable_path/Frameworks",
					"@loader_path/Frameworks",
				);
				PRODUCT_BUNDLE_IDENTIFIER = com.tokopedia.SearchTests;
				PRODUCT_NAME = "$(TARGET_NAME)";
				SWIFT_VERSION = 4.2;
				TARGETED_DEVICE_FAMILY = "1,2";
				TEST_HOST = "$(BUILT_PRODUCTS_DIR)/Search.app/Search";
			};
			name = Debug;
		};
		1AA32965215D8E71002DBA3F /* Release */ = {
			isa = XCBuildConfiguration;
			baseConfigurationReference = CFB9D422CF9509639BCC9438 /* Pods-SearchTests.release.xcconfig */;
			buildSettings = {
				ALWAYS_EMBED_SWIFT_STANDARD_LIBRARIES = YES;
				BUNDLE_LOADER = "$(TEST_HOST)";
				CODE_SIGN_STYLE = Automatic;
				DEVELOPMENT_TEAM = ZABBW744TH;
				INFOPLIST_FILE = SearchTests/Info.plist;
				LD_RUNPATH_SEARCH_PATHS = (
					"$(inherited)",
					"@executable_path/Frameworks",
					"@loader_path/Frameworks",
				);
				PRODUCT_BUNDLE_IDENTIFIER = com.tokopedia.SearchTests;
				PRODUCT_NAME = "$(TARGET_NAME)";
				SWIFT_VERSION = 4.2;
				TARGETED_DEVICE_FAMILY = "1,2";
				TEST_HOST = "$(BUILT_PRODUCTS_DIR)/Search.app/Search";
			};
			name = Release;
		};
		1AA32967215D8E71002DBA3F /* Debug */ = {
			isa = XCBuildConfiguration;
			baseConfigurationReference = 9E8ADA023EA321AFD0640499 /* Pods-SearchUITests.debug.xcconfig */;
			buildSettings = {
				ALWAYS_EMBED_SWIFT_STANDARD_LIBRARIES = YES;
				CODE_SIGN_STYLE = Automatic;
				DEVELOPMENT_TEAM = ZABBW744TH;
				INFOPLIST_FILE = SearchUITests/Info.plist;
				LD_RUNPATH_SEARCH_PATHS = (
					"$(inherited)",
					"@executable_path/Frameworks",
					"@loader_path/Frameworks",
				);
				PRODUCT_BUNDLE_IDENTIFIER = com.tokopedia.SearchUITests;
				PRODUCT_NAME = "$(TARGET_NAME)";
				SWIFT_VERSION = 4.2;
				TARGETED_DEVICE_FAMILY = "1,2";
				TEST_TARGET_NAME = Search;
			};
			name = Debug;
		};
		1AA32968215D8E71002DBA3F /* Release */ = {
			isa = XCBuildConfiguration;
			baseConfigurationReference = 11E5F9AA52B650BBB031FE50 /* Pods-SearchUITests.release.xcconfig */;
			buildSettings = {
				ALWAYS_EMBED_SWIFT_STANDARD_LIBRARIES = YES;
				CODE_SIGN_STYLE = Automatic;
				DEVELOPMENT_TEAM = ZABBW744TH;
				INFOPLIST_FILE = SearchUITests/Info.plist;
				LD_RUNPATH_SEARCH_PATHS = (
					"$(inherited)",
					"@executable_path/Frameworks",
					"@loader_path/Frameworks",
				);
				PRODUCT_BUNDLE_IDENTIFIER = com.tokopedia.SearchUITests;
				PRODUCT_NAME = "$(TARGET_NAME)";
				SWIFT_VERSION = 4.2;
				TARGETED_DEVICE_FAMILY = "1,2";
				TEST_TARGET_NAME = Search;
			};
			name = Release;
		};
/* End XCBuildConfiguration section */

/* Begin XCConfigurationList section */
		1AA32933215D8E6F002DBA3F /* Build configuration list for PBXProject "Search" */ = {
			isa = XCConfigurationList;
			buildConfigurations = (
				1AA3295E215D8E71002DBA3F /* Debug */,
				1AA3295F215D8E71002DBA3F /* Release */,
			);
			defaultConfigurationIsVisible = 0;
			defaultConfigurationName = Release;
		};
		1AA32960215D8E71002DBA3F /* Build configuration list for PBXNativeTarget "Search" */ = {
			isa = XCConfigurationList;
			buildConfigurations = (
				1AA32961215D8E71002DBA3F /* Debug */,
				1AA32962215D8E71002DBA3F /* Release */,
			);
			defaultConfigurationIsVisible = 0;
			defaultConfigurationName = Release;
		};
		1AA32963215D8E71002DBA3F /* Build configuration list for PBXNativeTarget "SearchTests" */ = {
			isa = XCConfigurationList;
			buildConfigurations = (
				1AA32964215D8E71002DBA3F /* Debug */,
				1AA32965215D8E71002DBA3F /* Release */,
			);
			defaultConfigurationIsVisible = 0;
			defaultConfigurationName = Release;
		};
		1AA32966215D8E71002DBA3F /* Build configuration list for PBXNativeTarget "SearchUITests" */ = {
			isa = XCConfigurationList;
			buildConfigurations = (
				1AA32967215D8E71002DBA3F /* Debug */,
				1AA32968215D8E71002DBA3F /* Release */,
			);
			defaultConfigurationIsVisible = 0;
			defaultConfigurationName = Release;
		};
/* End XCConfigurationList section */
	};
	rootObject = 1AA32930215D8E6F002DBA3F /* Project object */;
}
